// !$*UTF8*$!
{
	archiveVersion = 1;
	classes = {
	};
	objectVersion = 48;
	objects = {

/* Begin PBXBuildFile section */
		182B285F1FC55DFB007BC674 /* AppDelegate.swift in Sources */ = {isa = PBXBuildFile; fileRef = 182B285E1FC55DFB007BC674 /* AppDelegate.swift */; };
		182B28611FC55DFB007BC674 /* ViewController.swift in Sources */ = {isa = PBXBuildFile; fileRef = 182B28601FC55DFB007BC674 /* ViewController.swift */; };
		182B28641FC55DFB007BC674 /* Main.storyboard in Resources */ = {isa = PBXBuildFile; fileRef = 182B28621FC55DFB007BC674 /* Main.storyboard */; };
		182B28661FC55DFB007BC674 /* Assets.xcassets in Resources */ = {isa = PBXBuildFile; fileRef = 182B28651FC55DFB007BC674 /* Assets.xcassets */; };
		182B28691FC55DFB007BC674 /* LaunchScreen.storyboard in Resources */ = {isa = PBXBuildFile; fileRef = 182B28671FC55DFB007BC674 /* LaunchScreen.storyboard */; };
		182B28741FC55DFB007BC674 /* Pro04Tests.swift in Sources */ = {isa = PBXBuildFile; fileRef = 182B28731FC55DFB007BC674 /* Pro04Tests.swift */; };
		182B287F1FC55DFB007BC674 /* Pro04UITests.swift in Sources */ = {isa = PBXBuildFile; fileRef = 182B287E1FC55DFB007BC674 /* Pro04UITests.swift */; };
		182B288D1FC55E54007BC674 /* Utils.swift in Sources */ = {isa = PBXBuildFile; fileRef = 182B288C1FC55E54007BC674 /* Utils.swift */; };
		182B288F1FC55F80007BC674 /* ToDoItem.swift in Sources */ = {isa = PBXBuildFile; fileRef = 182B288E1FC55F80007BC674 /* ToDoItem.swift */; };
		182B28911FC56776007BC674 /* DetailViewController.swift in Sources */ = {isa = PBXBuildFile; fileRef = 182B28901FC56776007BC674 /* DetailViewController.swift */; };
/* End PBXBuildFile section */

/* Begin PBXContainerItemProxy section */
		182B28701FC55DFB007BC674 /* PBXContainerItemProxy */ = {
			isa = PBXContainerItemProxy;
			containerPortal = 182B28531FC55DFB007BC674 /* Project object */;
			proxyType = 1;
			remoteGlobalIDString = 182B285A1FC55DFB007BC674;
			remoteInfo = Pro04;
		};
		182B287B1FC55DFB007BC674 /* PBXContainerItemProxy */ = {
			isa = PBXContainerItemProxy;
			containerPortal = 182B28531FC55DFB007BC674 /* Project object */;
			proxyType = 1;
			remoteGlobalIDString = 182B285A1FC55DFB007BC674;
			remoteInfo = Pro04;
		};
/* End PBXContainerItemProxy section */

/* Begin PBXFileReference section */
		182B285B1FC55DFB007BC674 /* Pro04.app */ = {isa = PBXFileReference; explicitFileType = wrapper.application; includeInIndex = 0; path = Pro04.app; sourceTree = BUILT_PRODUCTS_DIR; };
		182B285E1FC55DFB007BC674 /* AppDelegate.swift */ = {isa = PBXFileReference; lastKnownFileType = sourcecode.swift; path = AppDelegate.swift; sourceTree = "<group>"; };
		182B28601FC55DFB007BC674 /* ViewController.swift */ = {isa = PBXFileReference; lastKnownFileType = sourcecode.swift; path = ViewController.swift; sourceTree = "<group>"; };
		182B28631FC55DFB007BC674 /* Base */ = {isa = PBXFileReference; lastKnownFileType = file.storyboard; name = Base; path = Base.lproj/Main.storyboard; sourceTree = "<group>"; };
		182B28651FC55DFB007BC674 /* Assets.xcassets */ = {isa = PBXFileReference; lastKnownFileType = folder.assetcatalog; path = Assets.xcassets; sourceTree = "<group>"; };
		182B28681FC55DFB007BC674 /* Base */ = {isa = PBXFileReference; lastKnownFileType = file.storyboard; name = Base; path = Base.lproj/LaunchScreen.storyboard; sourceTree = "<group>"; };
		182B286A1FC55DFB007BC674 /* Info.plist */ = {isa = PBXFileReference; lastKnownFileType = text.plist.xml; path = Info.plist; sourceTree = "<group>"; };
		182B286F1FC55DFB007BC674 /* Pro04Tests.xctest */ = {isa = PBXFileReference; explicitFileType = wrapper.cfbundle; includeInIndex = 0; path = Pro04Tests.xctest; sourceTree = BUILT_PRODUCTS_DIR; };
		182B28731FC55DFB007BC674 /* Pro04Tests.swift */ = {isa = PBXFileReference; lastKnownFileType = sourcecode.swift; path = Pro04Tests.swift; sourceTree = "<group>"; };
		182B28751FC55DFB007BC674 /* Info.plist */ = {isa = PBXFileReference; lastKnownFileType = text.plist.xml; path = Info.plist; sourceTree = "<group>"; };
		182B287A1FC55DFB007BC674 /* Pro04UITests.xctest */ = {isa = PBXFileReference; explicitFileType = wrapper.cfbundle; includeInIndex = 0; path = Pro04UITests.xctest; sourceTree = BUILT_PRODUCTS_DIR; };
		182B287E1FC55DFB007BC674 /* Pro04UITests.swift */ = {isa = PBXFileReference; lastKnownFileType = sourcecode.swift; path = Pro04UITests.swift; sourceTree = "<group>"; };
		182B28801FC55DFB007BC674 /* Info.plist */ = {isa = PBXFileReference; lastKnownFileType = text.plist.xml; path = Info.plist; sourceTree = "<group>"; };
		182B288C1FC55E54007BC674 /* Utils.swift */ = {isa = PBXFileReference; lastKnownFileType = sourcecode.swift; path = Utils.swift; sourceTree = "<group>"; };
		182B288E1FC55F80007BC674 /* ToDoItem.swift */ = {isa = PBXFileReference; lastKnownFileType = sourcecode.swift; path = ToDoItem.swift; sourceTree = "<group>"; };
		182B28901FC56776007BC674 /* DetailViewController.swift */ = {isa = PBXFileReference; lastKnownFileType = sourcecode.swift; path = DetailViewController.swift; sourceTree = "<group>"; };
/* End PBXFileReference section */

/* Begin PBXFrameworksBuildPhase section */
		182B28581FC55DFB007BC674 /* Frameworks */ = {
			isa = PBXFrameworksBuildPhase;
			buildActionMask = 2147483647;
			files = (
			);
			runOnlyForDeploymentPostprocessing = 0;
		};
		182B286C1FC55DFB007BC674 /* Frameworks */ = {
			isa = PBXFrameworksBuildPhase;
			buildActionMask = 2147483647;
			files = (
			);
			runOnlyForDeploymentPostprocessing = 0;
		};
		182B28771FC55DFB007BC674 /* Frameworks */ = {
			isa = PBXFrameworksBuildPhase;
			buildActionMask = 2147483647;
			files = (
			);
			runOnlyForDeploymentPostprocessing = 0;
		};
/* End PBXFrameworksBuildPhase section */

/* Begin PBXGroup section */
		182B28521FC55DFB007BC674 = {
			isa = PBXGroup;
			children = (
				182B285D1FC55DFB007BC674 /* Pro04 */,
				182B28721FC55DFB007BC674 /* Pro04Tests */,
				182B287D1FC55DFB007BC674 /* Pro04UITests */,
				182B285C1FC55DFB007BC674 /* Products */,
			);
			sourceTree = "<group>";
		};
		182B285C1FC55DFB007BC674 /* Products */ = {
			isa = PBXGroup;
			children = (
				182B285B1FC55DFB007BC674 /* Pro04.app */,
				182B286F1FC55DFB007BC674 /* Pro04Tests.xctest */,
				182B287A1FC55DFB007BC674 /* Pro04UITests.xctest */,
			);
			name = Products;
			sourceTree = "<group>";
		};
		182B285D1FC55DFB007BC674 /* Pro04 */ = {
			isa = PBXGroup;
			children = (
				182B285E1FC55DFB007BC674 /* AppDelegate.swift */,
				182B28601FC55DFB007BC674 /* ViewController.swift */,
				182B288C1FC55E54007BC674 /* Utils.swift */,
				182B288E1FC55F80007BC674 /* ToDoItem.swift */,
				182B28901FC56776007BC674 /* DetailViewController.swift */,
				182B28621FC55DFB007BC674 /* Main.storyboard */,
				182B28651FC55DFB007BC674 /* Assets.xcassets */,
				182B28671FC55DFB007BC674 /* LaunchScreen.storyboard */,
				182B286A1FC55DFB007BC674 /* Info.plist */,
			);
			path = Pro04;
			sourceTree = "<group>";
		};
		182B28721FC55DFB007BC674 /* Pro04Tests */ = {
			isa = PBXGroup;
			children = (
				182B28731FC55DFB007BC674 /* Pro04Tests.swift */,
				182B28751FC55DFB007BC674 /* Info.plist */,
			);
			path = Pro04Tests;
			sourceTree = "<group>";
		};
		182B287D1FC55DFB007BC674 /* Pro04UITests */ = {
			isa = PBXGroup;
			children = (
				182B287E1FC55DFB007BC674 /* Pro04UITests.swift */,
				182B28801FC55DFB007BC674 /* Info.plist */,
			);
			path = Pro04UITests;
			sourceTree = "<group>";
		};
/* End PBXGroup section */

/* Begin PBXNativeTarget section */
		182B285A1FC55DFB007BC674 /* Pro04 */ = {
			isa = PBXNativeTarget;
			buildConfigurationList = 182B28831FC55DFB007BC674 /* Build configuration list for PBXNativeTarget "Pro04" */;
			buildPhases = (
				182B28571FC55DFB007BC674 /* Sources */,
				182B28581FC55DFB007BC674 /* Frameworks */,
				182B28591FC55DFB007BC674 /* Resources */,
			);
			buildRules = (
			);
			dependencies = (
			);
			name = Pro04;
			productName = Pro04;
			productReference = 182B285B1FC55DFB007BC674 /* Pro04.app */;
			productType = "com.apple.product-type.application";
		};
		182B286E1FC55DFB007BC674 /* Pro04Tests */ = {
			isa = PBXNativeTarget;
			buildConfigurationList = 182B28861FC55DFB007BC674 /* Build configuration list for PBXNativeTarget "Pro04Tests" */;
			buildPhases = (
				182B286B1FC55DFB007BC674 /* Sources */,
				182B286C1FC55DFB007BC674 /* Frameworks */,
				182B286D1FC55DFB007BC674 /* Resources */,
			);
			buildRules = (
			);
			dependencies = (
				182B28711FC55DFB007BC674 /* PBXTargetDependency */,
			);
			name = Pro04Tests;
			productName = Pro04Tests;
			productReference = 182B286F1FC55DFB007BC674 /* Pro04Tests.xctest */;
			productType = "com.apple.product-type.bundle.unit-test";
		};
		182B28791FC55DFB007BC674 /* Pro04UITests */ = {
			isa = PBXNativeTarget;
			buildConfigurationList = 182B28891FC55DFB007BC674 /* Build configuration list for PBXNativeTarget "Pro04UITests" */;
			buildPhases = (
				182B28761FC55DFB007BC674 /* Sources */,
				182B28771FC55DFB007BC674 /* Frameworks */,
				182B28781FC55DFB007BC674 /* Resources */,
			);
			buildRules = (
			);
			dependencies = (
				182B287C1FC55DFB007BC674 /* PBXTargetDependency */,
			);
			name = Pro04UITests;
			productName = Pro04UITests;
			productReference = 182B287A1FC55DFB007BC674 /* Pro04UITests.xctest */;
			productType = "com.apple.product-type.bundle.ui-testing";
		};
/* End PBXNativeTarget section */

/* Begin PBXProject section */
		182B28531FC55DFB007BC674 /* Project object */ = {
			isa = PBXProject;
			attributes = {
				LastSwiftUpdateCheck = 0910;
				LastUpgradeCheck = 0910;
				ORGANIZATIONNAME = abc;
				TargetAttributes = {
					182B285A1FC55DFB007BC674 = {
						CreatedOnToolsVersion = 9.1;
						ProvisioningStyle = Automatic;
					};
					182B286E1FC55DFB007BC674 = {
						CreatedOnToolsVersion = 9.1;
						ProvisioningStyle = Automatic;
						TestTargetID = 182B285A1FC55DFB007BC674;
					};
					182B28791FC55DFB007BC674 = {
						CreatedOnToolsVersion = 9.1;
						ProvisioningStyle = Automatic;
						TestTargetID = 182B285A1FC55DFB007BC674;
					};
				};
			};
			buildConfigurationList = 182B28561FC55DFB007BC674 /* Build configuration list for PBXProject "Pro04" */;
			compatibilityVersion = "Xcode 8.0";
			developmentRegion = en;
			hasScannedForEncodings = 0;
			knownRegions = (
				en,
				Base,
			);
			mainGroup = 182B28521FC55DFB007BC674;
			productRefGroup = 182B285C1FC55DFB007BC674 /* Products */;
			projectDirPath = "";
			projectRoot = "";
			targets = (
				182B285A1FC55DFB007BC674 /* Pro04 */,
				182B286E1FC55DFB007BC674 /* Pro04Tests */,
				182B28791FC55DFB007BC674 /* Pro04UITests */,
			);
		};
/* End PBXProject section */

/* Begin PBXResourcesBuildPhase section */
		182B28591FC55DFB007BC674 /* Resources */ = {
			isa = PBXResourcesBuildPhase;
			buildActionMask = 2147483647;
			files = (
				182B28691FC55DFB007BC674 /* LaunchScreen.storyboard in Resources */,
				182B28661FC55DFB007BC674 /* Assets.xcassets in Resources */,
				182B28641FC55DFB007BC674 /* Main.storyboard in Resources */,
			);
			runOnlyForDeploymentPostprocessing = 0;
		};
		182B286D1FC55DFB007BC674 /* Resources */ = {
			isa = PBXResourcesBuildPhase;
			buildActionMask = 2147483647;
			files = (
			);
			runOnlyForDeploymentPostprocessing = 0;
		};
		182B28781FC55DFB007BC674 /* Resources */ = {
			isa = PBXResourcesBuildPhase;
			buildActionMask = 2147483647;
			files = (
			);
			runOnlyForDeploymentPostprocessing = 0;
		};
/* End PBXResourcesBuildPhase section */

/* Begin PBXSourcesBuildPhase section */
		182B28571FC55DFB007BC674 /* Sources */ = {
			isa = PBXSourcesBuildPhase;
			buildActionMask = 2147483647;
			files = (
				182B28611FC55DFB007BC674 /* ViewController.swift in Sources */,
				182B285F1FC55DFB007BC674 /* AppDelegate.swift in Sources */,
				182B28911FC56776007BC674 /* DetailViewController.swift in Sources */,
				182B288F1FC55F80007BC674 /* ToDoItem.swift in Sources */,
				182B288D1FC55E54007BC674 /* Utils.swift in Sources */,
			);
			runOnlyForDeploymentPostprocessing = 0;
		};
		182B286B1FC55DFB007BC674 /* Sources */ = {
			isa = PBXSourcesBuildPhase;
			buildActionMask = 2147483647;
			files = (
				182B28741FC55DFB007BC674 /* Pro04Tests.swift in Sources */,
			);
			runOnlyForDeploymentPostprocessing = 0;
		};
		182B28761FC55DFB007BC674 /* Sources */ = {
			isa = PBXSourcesBuildPhase;
			buildActionMask = 2147483647;
			files = (
				182B287F1FC55DFB007BC674 /* Pro04UITests.swift in Sources */,
			);
			runOnlyForDeploymentPostprocessing = 0;
		};
/* End PBXSourcesBuildPhase section */

/* Begin PBXTargetDependency section */
		182B28711FC55DFB007BC674 /* PBXTargetDependency */ = {
			isa = PBXTargetDependency;
			target = 182B285A1FC55DFB007BC674 /* Pro04 */;
			targetProxy = 182B28701FC55DFB007BC674 /* PBXContainerItemProxy */;
		};
		182B287C1FC55DFB007BC674 /* PBXTargetDependency */ = {
			isa = PBXTargetDependency;
			target = 182B285A1FC55DFB007BC674 /* Pro04 */;
			targetProxy = 182B287B1FC55DFB007BC674 /* PBXContainerItemProxy */;
		};
/* End PBXTargetDependency section */

/* Begin PBXVariantGroup section */
		182B28621FC55DFB007BC674 /* Main.storyboard */ = {
			isa = PBXVariantGroup;
			children = (
				182B28631FC55DFB007BC674 /* Base */,
			);
			name = Main.storyboard;
			sourceTree = "<group>";
		};
		182B28671FC55DFB007BC674 /* LaunchScreen.storyboard */ = {
			isa = PBXVariantGroup;
			children = (
				182B28681FC55DFB007BC674 /* Base */,
			);
			name = LaunchScreen.storyboard;
			sourceTree = "<group>";
		};
/* End PBXVariantGroup section */

/* Begin XCBuildConfiguration section */
		182B28811FC55DFB007BC674 /* Debug */ = {
			isa = XCBuildConfiguration;
			buildSettings = {
				ALWAYS_SEARCH_USER_PATHS = NO;
				CLANG_ANALYZER_NONNULL = YES;
				CLANG_ANALYZER_NUMBER_OBJECT_CONVERSION = YES_AGGRESSIVE;
				CLANG_CXX_LANGUAGE_STANDARD = "gnu++14";
				CLANG_CXX_LIBRARY = "libc++";
				CLANG_ENABLE_MODULES = YES;
				CLANG_ENABLE_OBJC_ARC = YES;
				CLANG_WARN_BLOCK_CAPTURE_AUTORELEASING = YES;
				CLANG_WARN_BOOL_CONVERSION = YES;
				CLANG_WARN_COMMA = YES;
				CLANG_WARN_CONSTANT_CONVERSION = YES;
				CLANG_WARN_DIRECT_OBJC_ISA_USAGE = YES_ERROR;
				CLANG_WARN_DOCUMENTATION_COMMENTS = YES;
				CLANG_WARN_EMPTY_BODY = YES;
				CLANG_WARN_ENUM_CONVERSION = YES;
				CLANG_WARN_INFINITE_RECURSION = YES;
				CLANG_WARN_INT_CONVERSION = YES;
				CLANG_WARN_NON_LITERAL_NULL_CONVERSION = YES;
				CLANG_WARN_OBJC_LITERAL_CONVERSION = YES;
				CLANG_WARN_OBJC_ROOT_CLASS = YES_ERROR;
				CLANG_WARN_RANGE_LOOP_ANALYSIS = YES;
				CLANG_WARN_STRICT_PROTOTYPES = YES;
				CLANG_WARN_SUSPICIOUS_MOVE = YES;
				CLANG_WARN_UNGUARDED_AVAILABILITY = YES_AGGRESSIVE;
				CLANG_WARN_UNREACHABLE_CODE = YES;
				CLANG_WARN__DUPLICATE_METHOD_MATCH = YES;
				CODE_SIGN_IDENTITY = "iPhone Developer";
				COPY_PHASE_STRIP = NO;
				DEBUG_INFORMATION_FORMAT = dwarf;
				ENABLE_STRICT_OBJC_MSGSEND = YES;
				ENABLE_TESTABILITY = YES;
				GCC_C_LANGUAGE_STANDARD = gnu11;
				GCC_DYNAMIC_NO_PIC = NO;
				GCC_NO_COMMON_BLOCKS = YES;
				GCC_OPTIMIZATION_LEVEL = 0;
				GCC_PREPROCESSOR_DEFINITIONS = (
					"DEBUG=1",
					"$(inherited)",
				);
				GCC_WARN_64_TO_32_BIT_CONVERSION = YES;
				GCC_WARN_ABOUT_RETURN_TYPE = YES_ERROR;
				GCC_WARN_UNDECLARED_SELECTOR = YES;
				GCC_WARN_UNINITIALIZED_AUTOS = YES_AGGRESSIVE;
				GCC_WARN_UNUSED_FUNCTION = YES;
				GCC_WARN_UNUSED_VARIABLE = YES;
				IPHONEOS_DEPLOYMENT_TARGET = 11.1;
				MTL_ENABLE_DEBUG_INFO = YES;
				ONLY_ACTIVE_ARCH = YES;
				SDKROOT = iphoneos;
				SWIFT_ACTIVE_COMPILATION_CONDITIONS = DEBUG;
				SWIFT_OPTIMIZATION_LEVEL = "-Onone";
			};
			name = Debug;
		};
		182B28821FC55DFB007BC674 /* Release */ = {
			isa = XCBuildConfiguration;
			buildSettings = {
				ALWAYS_SEARCH_USER_PATHS = NO;
				CLANG_ANALYZER_NONNULL = YES;
				CLANG_ANALYZER_NUMBER_OBJECT_CONVERSION = YES_AGGRESSIVE;
				CLANG_CXX_LANGUAGE_STANDARD = "gnu++14";
				CLANG_CXX_LIBRARY = "libc++";
				CLANG_ENABLE_MODULES = YES;
				CLANG_ENABLE_OBJC_ARC = YES;
				CLANG_WARN_BLOCK_CAPTURE_AUTORELEASING = YES;
				CLANG_WARN_BOOL_CONVERSION = YES;
				CLANG_WARN_COMMA = YES;
				CLANG_WARN_CONSTANT_CONVERSION = YES;
				CLANG_WARN_DIRECT_OBJC_ISA_USAGE = YES_ERROR;
				CLANG_WARN_DOCUMENTATION_COMMENTS = YES;
				CLANG_WARN_EMPTY_BODY = YES;
				CLANG_WARN_ENUM_CONVERSION = YES;
				CLANG_WARN_INFINITE_RECURSION = YES;
				CLANG_WARN_INT_CONVERSION = YES;
				CLANG_WARN_NON_LITERAL_NULL_CONVERSION = YES;
				CLANG_WARN_OBJC_LITERAL_CONVERSION = YES;
				CLANG_WARN_OBJC_ROOT_CLASS = YES_ERROR;
				CLANG_WARN_RANGE_LOOP_ANALYSIS = YES;
				CLANG_WARN_STRICT_PROTOTYPES = YES;
				CLANG_WARN_SUSPICIOUS_MOVE = YES;
				CLANG_WARN_UNGUARDED_AVAILABILITY = YES_AGGRESSIVE;
				CLANG_WARN_UNREACHABLE_CODE = YES;
				CLANG_WARN__DUPLICATE_METHOD_MATCH = YES;
				CODE_SIGN_IDENTITY = "iPhone Developer";
				COPY_PHASE_STRIP = NO;
				DEBUG_INFORMATION_FORMAT = "dwarf-with-dsym";
				ENABLE_NS_ASSERTIONS = NO;
				ENABLE_STRICT_OBJC_MSGSEND = YES;
				GCC_C_LANGUAGE_STANDARD = gnu11;
				GCC_NO_COMMON_BLOCKS = YES;
				GCC_WARN_64_TO_32_BIT_CONVERSION = YES;
				GCC_WARN_ABOUT_RETURN_TYPE = YES_ERROR;
				GCC_WARN_UNDECLARED_SELECTOR = YES;
				GCC_WARN_UNINITIALIZED_AUTOS = YES_AGGRESSIVE;
				GCC_WARN_UNUSED_FUNCTION = YES;
				GCC_WARN_UNUSED_VARIABLE = YES;
				IPHONEOS_DEPLOYMENT_TARGET = 11.1;
				MTL_ENABLE_DEBUG_INFO = NO;
				SDKROOT = iphoneos;
				SWIFT_OPTIMIZATION_LEVEL = "-Owholemodule";
				VALIDATE_PRODUCT = YES;
			};
			name = Release;
		};
		182B28841FC55DFB007BC674 /* Debug */ = {
			isa = XCBuildConfiguration;
			buildSettings = {
				ASSETCATALOG_COMPILER_APPICON_NAME = AppIcon;
				CODE_SIGN_STYLE = Automatic;
				DEVELOPMENT_TEAM = 9X765PPYUF;
				INFOPLIST_FILE = Pro04/Info.plist;
				LD_RUNPATH_SEARCH_PATHS = "$(inherited) @executable_path/Frameworks";
				PRODUCT_BUNDLE_IDENTIFIER = ddd.Pro04;
				PRODUCT_NAME = "$(TARGET_NAME)";
				SWIFT_VERSION = 4.0;
				TARGETED_DEVICE_FAMILY = "1,2";
			};
			name = Debug;
		};
		182B28851FC55DFB007BC674 /* Release */ = {
			isa = XCBuildConfiguration;
			buildSettings = {
				ASSETCATALOG_COMPILER_APPICON_NAME = AppIcon;
				CODE_SIGN_STYLE = Automatic;
				DEVELOPMENT_TEAM = 9X765PPYUF;
				INFOPLIST_FILE = Pro04/Info.plist;
				LD_RUNPATH_SEARCH_PATHS = "$(inherited) @executable_path/Frameworks";
				PRODUCT_BUNDLE_IDENTIFIER = ddd.Pro04;
				PRODUCT_NAME = "$(TARGET_NAME)";
				SWIFT_VERSION = 4.0;
				TARGETED_DEVICE_FAMILY = "1,2";
			};
			name = Release;
		};
		182B28871FC55DFB007BC674 /* Debug */ = {
			isa = XCBuildConfiguration;
			buildSettings = {
				ALWAYS_EMBED_SWIFT_STANDARD_LIBRARIES = YES;
				BUNDLE_LOADER = "$(TEST_HOST)";
				CODE_SIGN_STYLE = Automatic;
				DEVELOPMENT_TEAM = 9X765PPYUF;
				INFOPLIST_FILE = Pro04Tests/Info.plist;
				LD_RUNPATH_SEARCH_PATHS = "$(inherited) @executable_path/Frameworks @loader_path/Frameworks";
				PRODUCT_BUNDLE_IDENTIFIER = ddd.Pro04Tests;
				PRODUCT_NAME = "$(TARGET_NAME)";
				SWIFT_VERSION = 4.0;
				TARGETED_DEVICE_FAMILY = "1,2";
				TEST_HOST = "$(BUILT_PRODUCTS_DIR)/Pro04.app/Pro04";
			};
			name = Debug;
		};
		182B28881FC55DFB007BC674 /* Release */ = {
			isa = XCBuildConfiguration;
			buildSettings = {
				ALWAYS_EMBED_SWIFT_STANDARD_LIBRARIES = YES;
				BUNDLE_LOADER = "$(TEST_HOST)";
				CODE_SIGN_STYLE = Automatic;
				DEVELOPMENT_TEAM = 9X765PPYUF;
				INFOPLIST_FILE = Pro04Tests/Info.plist;
				LD_RUNPATH_SEARCH_PATHS = "$(inherited) @executable_path/Frameworks @loader_path/Frameworks";
				PRODUCT_BUNDLE_IDENTIFIER = ddd.Pro04Tests;
				PRODUCT_NAME = "$(TARGET_NAME)";
				SWIFT_VERSION = 4.0;
				TARGETED_DEVICE_FAMILY = "1,2";
				TEST_HOST = "$(BUILT_PRODUCTS_DIR)/Pro04.app/Pro04";
			};
			name = Release;
		};
		182B288A1FC55DFB007BC674 /* Debug */ = {
			isa = XCBuildConfiguration;
			buildSettings = {
				ALWAYS_EMBED_SWIFT_STANDARD_LIBRARIES = YES;
				CODE_SIGN_STYLE = Automatic;
				DEVELOPMENT_TEAM = 9X765PPYUF;
				INFOPLIST_FILE = Pro04UITests/Info.plist;
				LD_RUNPATH_SEARCH_PATHS = "$(inherited) @executable_path/Frameworks @loader_path/Frameworks";
				PRODUCT_BUNDLE_IDENTIFIER = ddd.Pro04UITests;
				PRODUCT_NAME = "$(TARGET_NAME)";
				SWIFT_VERSION = 4.0;
				TARGETED_DEVICE_FAMILY = "1,2";
				TEST_TARGET_NAME = Pro04;
			};
			name = Debug;
		};
		182B288B1FC55DFB007BC674 /* Release */ = {
			isa = XCBuildConfiguration;
			buildSettings = {
				ALWAYS_EMBED_SWIFT_STANDARD_LIBRARIES = YES;
				CODE_SIGN_STYLE = Automatic;
				DEVELOPMENT_TEAM = 9X765PPYUF;
				INFOPLIST_FILE = Pro04UITests/Info.plist;
				LD_RUNPATH_SEARCH_PATHS = "$(inherited) @executable_path/Frameworks @loader_path/Frameworks";
				PRODUCT_BUNDLE_IDENTIFIER = ddd.Pro04UITests;
				PRODUCT_NAME = "$(TARGET_NAME)";
				SWIFT_VERSION = 4.0;
				TARGETED_DEVICE_FAMILY = "1,2";
				TEST_TARGET_NAME = Pro04;
			};
			name = Release;
		};
/* End XCBuildConfiguration section */

/* Begin XCConfigurationList section */
		182B28561FC55DFB007BC674 /* Build configuration list for PBXProject "Pro04" */ = {
			isa = XCConfigurationList;
			buildConfigurations = (
				182B28811FC55DFB007BC674 /* Debug */,
				182B28821FC55DFB007BC674 /* Release */,
			);
			defaultConfigurationIsVisible = 0;
			defaultConfigurationName = Release;
		};
		182B28831FC55DFB007BC674 /* Build configuration list for PBXNativeTarget "Pro04" */ = {
			isa = XCConfigurationList;
			buildConfigurations = (
				182B28841FC55DFB007BC674 /* Debug */,
				182B28851FC55DFB007BC674 /* Release */,
			);
			defaultConfigurationIsVisible = 0;
			defaultConfigurationName = Release;
		};
		182B28861FC55DFB007BC674 /* Build configuration list for PBXNativeTarget "Pro04Tests" */ = {
			isa = XCConfigurationList;
			buildConfigurations = (
				182B28871FC55DFB007BC674 /* Debug */,
				182B28881FC55DFB007BC674 /* Release */,
			);
			defaultConfigurationIsVisible = 0;
			defaultConfigurationName = Release;
		};
		182B28891FC55DFB007BC674 /* Build configuration list for PBXNativeTarget "Pro04UITests" */ = {
			isa = XCConfigurationList;
			buildConfigurations = (
				182B288A1FC55DFB007BC674 /* Debug */,
				182B288B1FC55DFB007BC674 /* Release */,
			);
			defaultConfigurationIsVisible = 0;
			defaultConfigurationName = Release;
		};
/* End XCConfigurationList section */
	};
	rootObject = 182B28531FC55DFB007BC674 /* Project object */;
}
